
Microsoft Visual Studio Solution File, Format Version 12.00
# Visual Studio Version 17
VisualStudioVersion = 17.14.36414.22
MinimumVisualStudioVersion = 10.0.40219.1
Project("{FAE04EC0-301F-11D3-BF4B-00C04F79EFBC}") = "EMPLOYEE.MANAGEMENT.API", "EMPLOYEE.MANAGEMENT.API\EMPLOYEE.MANAGEMENT.API.csproj", "{1248E347-312B-42B0-A37F-73992ED77446}"
EndProject
Project("{FAE04EC0-301F-11D3-BF4B-00C04F79EFBC}") = "EMPLOYEE.MANAGEMENT.CORE", "EMPLOYEE.MANAGEMENT.CORE\EMPLOYEE.MANAGEMENT.CORE.csproj", "{70463923-E270-4149-ADE8-8704D02B57F6}"
EndProject
Project("{FAE04EC0-301F-11D3-BF4B-00C04F79EFBC}") = "EMPLOYEE.MANAGEMENT.SERVICES", "EMPLOYEE.MANAGEMENT.SERVICES\EMPLOYEE.MANAGEMENT.SERVICES.csproj", "{81113837-2A03-4923-9634-763A3034E8D5}"
EndProject
Project("{FAE04EC0-301F-11D3-BF4B-00C04F79EFBC}") = "EMPLOYEE.MANAGEMENT.REPOSITORY", "EMPLOYEE.MANAGEMENT.REPOSITORY\EMPLOYEE.MANAGEMENT.REPOSITORY.csproj", "{26E2C933-9D5C-4FE9-A88B-912FEFE584BF}"
EndProject
Project("{FAE04EC0-301F-11D3-BF4B-00C04F79EFBC}") = "EMPLOYEE.MANAGEMENT.API.TEST", "..\EMPLOYEE.MANAGEMENT.API.TEST\EMPLOYEE.MANAGEMENT.API.TEST.csproj", "{56C31BC0-1440-4856-AFB3-19B3D02E0745}"
EndProject
Project("{FAE04EC0-301F-11D3-BF4B-00C04F79EFBC}") = "EMPLOYEE.MANAGEMENT.CORE.TEST", "..\EMPLOYEE.MANAGEMENT.CORE.TEST\EMPLOYEE.MANAGEMENT.CORE.TEST.csproj", "{E704FEC0-93F7-440A-B6C0-4D875ED84DA4}"
EndProject
Project("{FAE04EC0-301F-11D3-BF4B-00C04F79EFBC}") = "EMPLOYEE.MANAGEMENT.REPOSITORY.TEST", "..\EMPLOYEE.MANAGEMENT.REPOSITORY.TEST\EMPLOYEE.MANAGEMENT.REPOSITORY.TEST.csproj", "{9EE83302-9D17-4B4E-AF2F-C3071A035C0E}"
EndProject
Project("{FAE04EC0-301F-11D3-BF4B-00C04F79EFBC}") = "EMPLOYEE.MANAGEMENT.SERVICES.TEST", "..\EMPLOYEE.MANAGEMENT.SERVICES.TEST\EMPLOYEE.MANAGEMENT.SERVICES.TEST.csproj", "{5577BFF2-141C-4053-84E4-ECA903A091B5}"
EndProject
Global
	GlobalSection(SolutionConfigurationPlatforms) = preSolution
		Debug|Any CPU = Debug|Any CPU
		Release|Any CPU = Release|Any CPU
	EndGlobalSection
	GlobalSection(ProjectConfigurationPlatforms) = postSolution
		{1248E347-312B-42B0-A37F-73992ED77446}.Debug|Any CPU.ActiveCfg = Debug|Any CPU
		{1248E347-312B-42B0-A37F-73992ED77446}.Debug|Any CPU.Build.0 = Debug|Any CPU
		{1248E347-312B-42B0-A37F-73992ED77446}.Release|Any CPU.ActiveCfg = Release|Any CPU
		{1248E347-312B-42B0-A37F-73992ED77446}.Release|Any CPU.Build.0 = Release|Any CPU
		{70463923-E270-4149-ADE8-8704D02B57F6}.Debug|Any CPU.ActiveCfg = Debug|Any CPU
		{70463923-E270-4149-ADE8-8704D02B57F6}.Debug|Any CPU.Build.0 = Debug|Any CPU
		{70463923-E270-4149-ADE8-8704D02B57F6}.Release|Any CPU.ActiveCfg = Release|Any CPU
		{70463923-E270-4149-ADE8-8704D02B57F6}.Release|Any CPU.Build.0 = Release|Any CPU
		{81113837-2A03-4923-9634-763A3034E8D5}.Debug|Any CPU.ActiveCfg = Debug|Any CPU
		{81113837-2A03-4923-9634-763A3034E8D5}.Debug|Any CPU.Build.0 = Debug|Any CPU
		{81113837-2A03-4923-9634-763A3034E8D5}.Release|Any CPU.ActiveCfg = Release|Any CPU
		{81113837-2A03-4923-9634-763A3034E8D5}.Release|Any CPU.Build.0 = Release|Any CPU
		{26E2C933-9D5C-4FE9-A88B-912FEFE584BF}.Debug|Any CPU.ActiveCfg = Debug|Any CPU
		{26E2C933-9D5C-4FE9-A88B-912FEFE584BF}.Debug|Any CPU.Build.0 = Debug|Any CPU
		{26E2C933-9D5C-4FE9-A88B-912FEFE584BF}.Release|Any CPU.ActiveCfg = Release|Any CPU
		{26E2C933-9D5C-4FE9-A88B-912FEFE584BF}.Release|Any CPU.Build.0 = Release|Any CPU
		{56C31BC0-1440-4856-AFB3-19B3D02E0745}.Debug|Any CPU.ActiveCfg = Debug|Any CPU
		{56C31BC0-1440-4856-AFB3-19B3D02E0745}.Debug|Any CPU.Build.0 = Debug|Any CPU
		{56C31BC0-1440-4856-AFB3-19B3D02E0745}.Release|Any CPU.ActiveCfg = Release|Any CPU
		{56C31BC0-1440-4856-AFB3-19B3D02E0745}.Release|Any CPU.Build.0 = Release|Any CPU
		{E704FEC0-93F7-440A-B6C0-4D875ED84DA4}.Debug|Any CPU.ActiveCfg = Debug|Any CPU
		{E704FEC0-93F7-440A-B6C0-4D875ED84DA4}.Debug|Any CPU.Build.0 = Debug|Any CPU
		{E704FEC0-93F7-440A-B6C0-4D875ED84DA4}.Release|Any CPU.ActiveCfg = Release|Any CPU
		{E704FEC0-93F7-440A-B6C0-4D875ED84DA4}.Release|Any CPU.Build.0 = Release|Any CPU
		{9EE83302-9D17-4B4E-AF2F-C3071A035C0E}.Debug|Any CPU.ActiveCfg = Debug|Any CPU
		{9EE83302-9D17-4B4E-AF2F-C3071A035C0E}.Debug|Any CPU.Build.0 = Debug|Any CPU
		{9EE83302-9D17-4B4E-AF2F-C3071A035C0E}.Release|Any CPU.ActiveCfg = Release|Any CPU
		{9EE83302-9D17-4B4E-AF2F-C3071A035C0E}.Release|Any CPU.Build.0 = Release|Any CPU
		{5577BFF2-141C-4053-84E4-ECA903A091B5}.Debug|Any CPU.ActiveCfg = Debug|Any CPU
		{5577BFF2-141C-4053-84E4-ECA903A091B5}.Debug|Any CPU.Build.0 = Debug|Any CPU
		{5577BFF2-141C-4053-84E4-ECA903A091B5}.Release|Any CPU.ActiveCfg = Release|Any CPU
		{5577BFF2-141C-4053-84E4-ECA903A091B5}.Release|Any CPU.Build.0 = Release|Any CPU
	EndGlobalSection
	GlobalSection(SolutionProperties) = preSolution
		HideSolutionNode = FALSE
	EndGlobalSection
	GlobalSection(ExtensibilityGlobals) = postSolution
		SolutionGuid = {45EFD15C-2695-4F64-A3DF-4AEFEBC3A50A}
	EndGlobalSection
EndGlobal
